{
  "name": "Wild_rent",
  "lockfileVersion": 3,
  "requires": true,
  "packages": {
    "": {
      "dependencies": {
        "@stripe/stripe-js": "^7.9.0"
      },
      "devDependencies": {
        "@types/node": "^24.0.10"
      }
    },
    "node_modules/@stripe/stripe-js": {
      "version": "7.9.0",
      "resolved": "https://registry.npmjs.org/@stripe/stripe-js/-/stripe-js-7.9.0.tgz",
      "integrity": "sha512-ggs5k+/0FUJcIgNY08aZTqpBTtbExkJMYMLSMwyucrhtWexVOEY1KJmhBsxf+E/Q15f5rbwBpj+t0t2AW2oCsQ==",
      "license": "MIT",
      "engines": {
        "node": ">=12.16"
      }
    },
    "node_modules/@types/node": {
      "version": "24.0.10",
      "resolved": "https://registry.npmjs.org/@types/node/-/node-24.0.10.tgz",
      "integrity": "sha512-ENHwaH+JIRTDIEEbDK6QSQntAYGtbvdDXnMXnZaZ6k13Du1dPMmprkEHIL7ok2Wl2aZevetwTAb5S+7yIF+enA==",
      "dev": true,
      "license": "MIT",
      "dependencies": {
        "undici-types": "~7.8.0"
      }
    },
    "node_modules/undici-types": {
      "version": "7.8.0",
      "resolved": "https://registry.npmjs.org/undici-types/-/undici-types-7.8.0.tgz",
      "integrity": "sha512-9UJ2xGDvQ43tYyVMpuHlsgApydB8ZKfVYTsLDhXkFL/6gfkp+U8xTGdh8pMJv1SpZna0zxG1DwsKZsreLbXBxw==",
      "dev": true,
      "license": "MIT"
    }
  }
}
